<?xml version="1.0" encoding="utf-8"?>
<Project ToolsVersion="4.0" xmlns="http://schemas.microsoft.com/developer/msbuild/2003">
  <ItemGroup>
    <Filter Include="Source Files">
      <UniqueIdentifier>{4FC737F1-C7A5-4376-A066-2A32D752A2FF}</UniqueIdentifier>
      <Extensions>cpp;c;cc;cxx;c++;cppm;ixx;def;odl;idl;hpj;bat;asm;asmx</Extensions>
    </Filter>
    <Filter Include="Header Files">
      <UniqueIdentifier>{93995380-89BD-4b04-88EB-625FBE52EBFB}</UniqueIdentifier>
      <Extensions>h;hh;hpp;hxx;h++;hm;inl;inc;ipp;xsd</Extensions>
    </Filter>
  </ItemGroup>
  <ItemGroup>
    <ClInclude Include="ChunkMetadata.h">
      <Filter>Header Files</Filter>
    </ClInclude>
    <ClInclude Include="ChunkPacketParser.h">
      <Filter>Header Files</Filter>
    </ClInclude>
    <ClInclude Include="CircuitBreaker.h">
      <Filter>Header Files</Filter>
    </ClInclude>
    <ClInclude Include="ClientHandler.h">
      <Filter>Header Files</Filter>
    </ClInclude>
    <ClInclude Include="Database.h">
      <Filter>Header Files</Filter>
    </ClInclude>
    <ClInclude Include="FileReceiver.h">
      <Filter>Header Files</Filter>
    </ClInclude>
    <ClInclude Include="Logger.h">
      <Filter>Header Files</Filter>
    </ClInclude>
    <ClInclude Include="..\TransferCore\SecurePacket.h">
      <Filter>Header Files</Filter>
    </ClInclude>
    <ClInclude Include="..\TransferCore\SecurityHandshake.h">
      <Filter>Header Files</Filter>
    </ClInclude>
    <ClInclude Include="ServerConfig.h">
      <Filter>Header Files</Filter>
    </ClInclude>
    <ClInclude Include="ThreadPool.h">
      <Filter>Header Files</Filter>
    </ClInclude>
    <ClInclude Include="UDTConnection.h">
      <Filter>Header Files</Filter>
    </ClInclude>
    <ClInclude Include="tests\TestSuites.h">
      <Filter>Header Files</Filter>
    </ClInclude>
    <ClInclude Include="tests\TestSupport.h">
      <Filter>Header Files</Filter>
    </ClInclude>
  </ItemGroup>
  <ItemGroup>
    <ClCompile Include="ChunkPacketParser.cpp">
      <Filter>Source Files</Filter>
    </ClCompile>
    <ClCompile Include="CircuitBreaker.cpp">
      <Filter>Source Files</Filter>
    </ClCompile>
    <ClCompile Include="Database.cpp">
      <Filter>Source Files</Filter>
    </ClCompile>
    <ClCompile Include="FileReceiver.cpp">
      <Filter>Source Files</Filter>
    </ClCompile>
    <ClCompile Include="Logger.cpp">
      <Filter>Source Files</Filter>
    </ClCompile>
    <ClCompile Include="..\TransferCore\SecurePacket.cpp">
      <Filter>Source Files</Filter>
    </ClCompile>
    <ClCompile Include="..\TransferCore\SecurityHandshake.cpp">
      <Filter>Source Files</Filter>
    </ClCompile>
    <ClCompile Include="ClientHandler.cpp">
      <Filter>Source Files</Filter>
    </ClCompile>
    <ClCompile Include="ServerConfig.cpp">
      <Filter>Source Files</Filter>
    </ClCompile>
    <ClCompile Include="ThreadPool.cpp">
      <Filter>Source Files</Filter>
    </ClCompile>
    <ClCompile Include="UDTConnection.cpp">
      <Filter>Source Files</Filter>
    </ClCompile>
    <ClCompile Include="tests\ChunkPacketParserTests.cpp">
      <Filter>Source Files</Filter>
    </ClCompile>
    <ClCompile Include="tests\CircuitBreakerTests.cpp">
      <Filter>Source Files</Filter>
    </ClCompile>
    <ClCompile Include="tests\DatabaseTests.cpp">
      <Filter>Source Files</Filter>
    </ClCompile>
    <ClCompile Include="tests\FileReceiverTests.cpp">
      <Filter>Source Files</Filter>
    </ClCompile>
    <ClCompile Include="tests\SecurityHandshakeTests.cpp">
      <Filter>Source Files</Filter>
    </ClCompile>
    <ClCompile Include="tests\ServerConfigTests.cpp">
      <Filter>Source Files</Filter>
    </ClCompile>
    <ClCompile Include="tests\SecureTransferIntegrationTests.cpp">
      <Filter>Source Files</Filter>
    </ClCompile>
    <ClCompile Include="tests\TestMain.cpp">
      <Filter>Source Files</Filter>
    </ClCompile>
    <ClCompile Include="tests\TestSupport.cpp">
      <Filter>Source Files</Filter>
    </ClCompile>
  </ItemGroup>
</Project>
